<Solution>
  <Folder Name="/Solution Items/">
    <File Path=".editorconfig" />
    <File Path="azure-pipelines.yml" />
    <File Path="CLAUDE.md" />
    <File Path="Directory.Build.props" />
    <File Path="Directory.Packages.props" />
    <File Path="global.json" />
    <File Path="LICENSE.txt" />
    <File Path="nuget.config" />
    <File Path="README.md" />
  </Folder>
  <Folder Name="/src/">
    <Project Path="src/Ingestion.Api/Ingestion.Api.csproj" />
    <Project Path="src/Ingestion.Domain/Ingestion.Domain.csproj" />
  </Folder>
  <Folder Name="/tests/">
    <Project Path="tests/Ingestion.AcceptanceTests/Ingestion.AcceptanceTests.csproj" />
    <Project Path="tests/Ingestion.IntegrationTests/Ingestion.IntegrationTests.csproj" />
    <Project Path="tests/Ingestion.Testing/Ingestion.Testing.csproj" />
    <Project Path="tests/Ingestion.UnitTests/Ingestion.UnitTests.csproj" />
  </Folder>
</Solution>
